
Microsoft Visual Studio Solution File, Format Version 12.00
# Visual Studio Version 17
VisualStudioVersion = 17.6.33815.320
MinimumVisualStudioVersion = 10.0.40219.1
Project("{FAE04EC0-301F-11D3-BF4B-00C04F79EFBC}") = "NetCoreSaml", "NetCoreSaml\NetCoreSaml.csproj", "{03E7D394-C77A-42E0-8320-CD4FC85B8680}"
EndProject
Global
	GlobalSection(SolutionConfigurationPlatforms) = preSolution
		Debug|Any CPU = Debug|Any CPU
		Release|Any CPU = Release|Any CPU
	EndGlobalSection
	GlobalSection(ProjectConfigurationPlatforms) = postSolution
		{03E7D394-C77A-42E0-8320-CD4FC85B8680}.Debug|Any CPU.ActiveCfg = Debug|Any CPU
		{03E7D394-C77A-42E0-8320-CD4FC85B8680}.Debug|Any CPU.Build.0 = Debug|Any CPU
		{03E7D394-C77A-42E0-8320-CD4FC85B8680}.Release|Any CPU.ActiveCfg = Release|Any CPU
		{03E7D394-C77A-42E0-8320-CD4FC85B8680}.Release|Any CPU.Build.0 = Release|Any CPU
	EndGlobalSection
	GlobalSection(SolutionProperties) = preSolution
		HideSolutionNode = FALSE
	EndGlobalSection
	GlobalSection(ExtensibilityGlobals) = postSolution
		SolutionGuid = {A4868C16-D57D-4CE3-9D98-43B3CD292AF0}
	EndGlobalSection
EndGlobal
